
Microsoft Visual Studio Solution File, Format Version 12.00
# Visual Studio Version 17
VisualStudioVersion = 17.5.33424.131
MinimumVisualStudioVersion = 10.0.40219.1
Project("{FAE04EC0-301F-11D3-BF4B-00C04F79EFBC}") = "MVCUygulama_30032023", "MVCUygulama_30032023\MVCUygulama_30032023.csproj", "{918D099B-0C3A-4788-8609-DC2C20A6B668}"
EndProject
Project("{FAE04EC0-301F-11D3-BF4B-00C04F79EFBC}") = "MVCUygulamaOrnek", "MVCUygulamaOrnek\MVCUygulamaOrnek.csproj", "{D723B57C-E24F-479B-BD44-5C6433C41473}"
EndProject
Global
	GlobalSection(SolutionConfigurationPlatforms) = preSolution
		Debug|Any CPU = Debug|Any CPU
		Release|Any CPU = Release|Any CPU
	EndGlobalSection
	GlobalSection(ProjectConfigurationPlatforms) = postSolution
		{918D099B-0C3A-4788-8609-DC2C20A6B668}.Debug|Any CPU.ActiveCfg = Debug|Any CPU
		{918D099B-0C3A-4788-8609-DC2C20A6B668}.Debug|Any CPU.Build.0 = Debug|Any CPU
		{918D099B-0C3A-4788-8609-DC2C20A6B668}.Release|Any CPU.ActiveCfg = Release|Any CPU
		{918D099B-0C3A-4788-8609-DC2C20A6B668}.Release|Any CPU.Build.0 = Release|Any CPU
		{D723B57C-E24F-479B-BD44-5C6433C41473}.Debug|Any CPU.ActiveCfg = Debug|Any CPU
		{D723B57C-E24F-479B-BD44-5C6433C41473}.Debug|Any CPU.Build.0 = Debug|Any CPU
		{D723B57C-E24F-479B-BD44-5C6433C41473}.Release|Any CPU.ActiveCfg = Release|Any CPU
		{D723B57C-E24F-479B-BD44-5C6433C41473}.Release|Any CPU.Build.0 = Release|Any CPU
	EndGlobalSection
	GlobalSection(SolutionProperties) = preSolution
		HideSolutionNode = FALSE
	EndGlobalSection
	GlobalSection(ExtensibilityGlobals) = postSolution
		SolutionGuid = {DE0A739B-9172-486D-9067-07230E1E69AA}
	EndGlobalSection
EndGlobal
